<?xml version="1.0" encoding="utf-8"?>
<Project ToolsVersion="4.0" xmlns="http://schemas.microsoft.com/developer/msbuild/2003">
  <ItemGroup>
    <Filter Include="Source Files">
      <UniqueIdentifier>{4FC737F1-C7A5-4376-A066-2A32D752A2FF}</UniqueIdentifier>
      <Extensions>cpp;c;cc;cxx;def;odl;idl;hpj;bat;asm;asmx</Extensions>
    </Filter>
    <Filter Include="Header Files">
      <UniqueIdentifier>{93995380-89BD-4b04-88EB-625FBE52EBFB}</UniqueIdentifier>
      <Extensions>h;hh;hpp;hxx;hm;inl;inc;xsd</Extensions>
    </Filter>
    <Filter Include="Resource Files">
      <UniqueIdentifier>{67DA6AB6-F800-4c08-8B7A-83BB121AAD01}</UniqueIdentifier>
      <Extensions>rc;ico;cur;bmp;dlg;rc2;rct;bin;rgs;gif;jpg;jpeg;jpe;resx;tiff;tif;png;wav;mfcribbon-ms</Extensions>
    </Filter>
    <Filter Include="World">
      <UniqueIdentifier>{24ae2071-f69b-4797-b4ec-37de42db476a}</UniqueIdentifier>
    </Filter>
    <Filter Include="World\Entities">
      <UniqueIdentifier>{3679da1a-5ae6-4f59-bf20-0e5410239a41}</UniqueIdentifier>
    </Filter>
    <Filter Include="Engine">
      <UniqueIdentifier>{2c95c26a-d367-4bfe-b055-45e056cf172a}</UniqueIdentifier>
    </Filter>
  </ItemGroup>
  <ItemGroup>
    <ClInclude Include="targetver.h">
      <Filter>Header Files</Filter>
    </ClInclude>
    <ClInclude Include="World.h">
      <Filter>World</Filter>
    </ClInclude>
    <ClInclude Include="Map.h">
      <Filter>World</Filter>
    </ClInclude>
    <ClInclude Include="Entity.h">
      <Filter>World\Entities</Filter>
    </ClInclude>
    <ClInclude Include="MoveableEntity.h">
      <Filter>World\Entities</Filter>
    </ClInclude>
    <ClInclude Include="Player.h">
      <Filter>World\Entities</Filter>
    </ClInclude>
    <ClInclude Include="NPC.h">
      <Filter>World\Entities</Filter>
    </ClInclude>
    <ClInclude Include="Camera.h">
      <Filter>Engine</Filter>
    </ClInclude>
  </ItemGroup>
  <ItemGroup>
    <ClCompile Include="Map.cpp">
      <Filter>World</Filter>
    </ClCompile>
    <ClCompile Include="World.cpp">
      <Filter>World</Filter>
    </ClCompile>
    <ClCompile Include="Entity.cpp">
      <Filter>World\Entities</Filter>
    </ClCompile>
    <ClCompile Include="MoveableEntity.cpp">
      <Filter>World\Entities</Filter>
    </ClCompile>
    <ClCompile Include="Player.cpp">
      <Filter>World\Entities</Filter>
    </ClCompile>
    <ClCompile Include="NPC.cpp">
      <Filter>World\Entities</Filter>
    </ClCompile>
    <ClCompile Include="Camera.cpp">
      <Filter>Engine</Filter>
    </ClCompile>
    <ClCompile Include="Core.cpp">
      <Filter>Engine</Filter>
    </ClCompile>
  </ItemGroup>
</Project>