
Microsoft Visual Studio Solution File, Format Version 12.00
# Visual Studio 15
VisualStudioVersion = 15.0.26228.12
MinimumVisualStudioVersion = 10.0.40219.1
Project("{8BC9CEB8-8B4A-11D0-8D11-00A0C91BC942}") = "MistwoodTales", "MistwoodTales.Game\MistwoodTalesGame.vcxproj", "{F00E59FC-8EA7-4221-92E3-22FB14B7C81E}"
EndProject
Project("{FAE04EC0-301F-11D3-BF4B-00C04F79EFBC}") = "MistwoodTales.Util.MapTransformer", "MistwoodTales.Util.MapTransformer\MistwoodTales.Util.MapTransformer.csproj", "{88AC7AEF-0290-404D-AB37-EC2D309EE424}"
EndProject
Project("{2150E333-8FDC-42A3-9474-1A3956D46DE8}") = "ext", "ext", "{74826A40-AB0E-489E-9C55-8B300F292E1D}"
EndProject
Project("{8BC9CEB8-8B4A-11D0-8D11-00A0C91BC942}") = "PDCurses", "PDCurses\PDCurses.vcxproj", "{12B38393-260C-4195-8C0D-0C10ABDB7B65}"
EndProject
Project("{2150E333-8FDC-42A3-9474-1A3956D46DE8}") = "src", "src", "{134C3757-E883-4FDF-B159-BAAE8775E976}"
EndProject
Project("{2150E333-8FDC-42A3-9474-1A3956D46DE8}") = "Client", "Client", "{3AB3586F-0EE9-4C3A-8FC4-6A4081010938}"
EndProject
Project("{9A19103F-16F7-4668-BE54-9A1E7A4F7556}") = "ConsoleGL.Sample", "ConsoleGL.Sample\ConsoleGL.Sample.csproj", "{B16E6F32-8AC2-48AC-8B7F-C64DCEF5FBE9}"
EndProject
Project("{9A19103F-16F7-4668-BE54-9A1E7A4F7556}") = "ConsoleGL", "ConsoleGL\ConsoleGL.csproj", "{C29506E0-67E8-4B48-8437-CCB68DFE15D6}"
EndProject
Project("{2150E333-8FDC-42A3-9474-1A3956D46DE8}") = "Util", "Util", "{C8693FC3-5A59-43AD-B8D1-D13ECE2CB82D}"
EndProject
Project("{FAE04EC0-301F-11D3-BF4B-00C04F79EFBC}") = "MistwoodTales.Game.Client", "MistwoodTales.Game.Client\MistwoodTales.Game.Client.csproj", "{5463BE96-CE06-4DB5-BFD1-4920105CCC77}"
EndProject
Project("{FAE04EC0-301F-11D3-BF4B-00C04F79EFBC}") = "RogueSharp", "RogueSharp\RogueSharp.csproj", "{3D92926E-EBA1-4984-8CAB-6CB568A30BF9}"
EndProject
Project("{FAE04EC0-301F-11D3-BF4B-00C04F79EFBC}") = "RogueSharp.Test", "RogueSharp.Test\RogueSharp.Test.csproj", "{FB168542-B915-4D92-89B0-E2F16A8483FA}"
EndProject
Global
	GlobalSection(SolutionConfigurationPlatforms) = preSolution
		Debug|Any CPU = Debug|Any CPU
		Debug|x64 = Debug|x64
		Debug|x86 = Debug|x86
		Release|Any CPU = Release|Any CPU
		Release|x64 = Release|x64
		Release|x86 = Release|x86
	EndGlobalSection
	GlobalSection(ProjectConfigurationPlatforms) = postSolution
		{F00E59FC-8EA7-4221-92E3-22FB14B7C81E}.Debug|Any CPU.ActiveCfg = Debug|Win32
		{F00E59FC-8EA7-4221-92E3-22FB14B7C81E}.Debug|x64.ActiveCfg = Debug|x64
		{F00E59FC-8EA7-4221-92E3-22FB14B7C81E}.Debug|x64.Build.0 = Debug|x64
		{F00E59FC-8EA7-4221-92E3-22FB14B7C81E}.Debug|x86.ActiveCfg = Debug|Win32
		{F00E59FC-8EA7-4221-92E3-22FB14B7C81E}.Debug|x86.Build.0 = Debug|Win32
		{F00E59FC-8EA7-4221-92E3-22FB14B7C81E}.Release|Any CPU.ActiveCfg = Release|Win32
		{F00E59FC-8EA7-4221-92E3-22FB14B7C81E}.Release|x64.ActiveCfg = Release|x64
		{F00E59FC-8EA7-4221-92E3-22FB14B7C81E}.Release|x64.Build.0 = Release|x64
		{F00E59FC-8EA7-4221-92E3-22FB14B7C81E}.Release|x86.ActiveCfg = Release|Win32
		{F00E59FC-8EA7-4221-92E3-22FB14B7C81E}.Release|x86.Build.0 = Release|Win32
		{88AC7AEF-0290-404D-AB37-EC2D309EE424}.Debug|Any CPU.ActiveCfg = Debug|Any CPU
		{88AC7AEF-0290-404D-AB37-EC2D309EE424}.Debug|Any CPU.Build.0 = Debug|Any CPU
		{88AC7AEF-0290-404D-AB37-EC2D309EE424}.Debug|x64.ActiveCfg = Debug|Any CPU
		{88AC7AEF-0290-404D-AB37-EC2D309EE424}.Debug|x64.Build.0 = Debug|Any CPU
		{88AC7AEF-0290-404D-AB37-EC2D309EE424}.Debug|x86.ActiveCfg = Debug|Any CPU
		{88AC7AEF-0290-404D-AB37-EC2D309EE424}.Debug|x86.Build.0 = Debug|Any CPU
		{88AC7AEF-0290-404D-AB37-EC2D309EE424}.Release|Any CPU.ActiveCfg = Release|Any CPU
		{88AC7AEF-0290-404D-AB37-EC2D309EE424}.Release|Any CPU.Build.0 = Release|Any CPU
		{88AC7AEF-0290-404D-AB37-EC2D309EE424}.Release|x64.ActiveCfg = Release|Any CPU
		{88AC7AEF-0290-404D-AB37-EC2D309EE424}.Release|x64.Build.0 = Release|Any CPU
		{88AC7AEF-0290-404D-AB37-EC2D309EE424}.Release|x86.ActiveCfg = Release|Any CPU
		{88AC7AEF-0290-404D-AB37-EC2D309EE424}.Release|x86.Build.0 = Release|Any CPU
		{12B38393-260C-4195-8C0D-0C10ABDB7B65}.Debug|Any CPU.ActiveCfg = Debug|Win32
		{12B38393-260C-4195-8C0D-0C10ABDB7B65}.Debug|x64.ActiveCfg = Debug|x64
		{12B38393-260C-4195-8C0D-0C10ABDB7B65}.Debug|x64.Build.0 = Debug|x64
		{12B38393-260C-4195-8C0D-0C10ABDB7B65}.Debug|x86.ActiveCfg = Debug|Win32
		{12B38393-260C-4195-8C0D-0C10ABDB7B65}.Debug|x86.Build.0 = Debug|Win32
		{12B38393-260C-4195-8C0D-0C10ABDB7B65}.Release|Any CPU.ActiveCfg = Release|Win32
		{12B38393-260C-4195-8C0D-0C10ABDB7B65}.Release|x64.ActiveCfg = Release|x64
		{12B38393-260C-4195-8C0D-0C10ABDB7B65}.Release|x64.Build.0 = Release|x64
		{12B38393-260C-4195-8C0D-0C10ABDB7B65}.Release|x86.ActiveCfg = Release|Win32
		{12B38393-260C-4195-8C0D-0C10ABDB7B65}.Release|x86.Build.0 = Release|Win32
		{B16E6F32-8AC2-48AC-8B7F-C64DCEF5FBE9}.Debug|Any CPU.ActiveCfg = Debug|Any CPU
		{B16E6F32-8AC2-48AC-8B7F-C64DCEF5FBE9}.Debug|Any CPU.Build.0 = Debug|Any CPU
		{B16E6F32-8AC2-48AC-8B7F-C64DCEF5FBE9}.Debug|x64.ActiveCfg = Debug|Any CPU
		{B16E6F32-8AC2-48AC-8B7F-C64DCEF5FBE9}.Debug|x64.Build.0 = Debug|Any CPU
		{B16E6F32-8AC2-48AC-8B7F-C64DCEF5FBE9}.Debug|x86.ActiveCfg = Debug|Any CPU
		{B16E6F32-8AC2-48AC-8B7F-C64DCEF5FBE9}.Debug|x86.Build.0 = Debug|Any CPU
		{B16E6F32-8AC2-48AC-8B7F-C64DCEF5FBE9}.Release|Any CPU.ActiveCfg = Release|Any CPU
		{B16E6F32-8AC2-48AC-8B7F-C64DCEF5FBE9}.Release|Any CPU.Build.0 = Release|Any CPU
		{B16E6F32-8AC2-48AC-8B7F-C64DCEF5FBE9}.Release|x64.ActiveCfg = Release|Any CPU
		{B16E6F32-8AC2-48AC-8B7F-C64DCEF5FBE9}.Release|x64.Build.0 = Release|Any CPU
		{B16E6F32-8AC2-48AC-8B7F-C64DCEF5FBE9}.Release|x86.ActiveCfg = Release|Any CPU
		{B16E6F32-8AC2-48AC-8B7F-C64DCEF5FBE9}.Release|x86.Build.0 = Release|Any CPU
		{C29506E0-67E8-4B48-8437-CCB68DFE15D6}.Debug|Any CPU.ActiveCfg = Debug|Any CPU
		{C29506E0-67E8-4B48-8437-CCB68DFE15D6}.Debug|Any CPU.Build.0 = Debug|Any CPU
		{C29506E0-67E8-4B48-8437-CCB68DFE15D6}.Debug|x64.ActiveCfg = Debug|Any CPU
		{C29506E0-67E8-4B48-8437-CCB68DFE15D6}.Debug|x64.Build.0 = Debug|Any CPU
		{C29506E0-67E8-4B48-8437-CCB68DFE15D6}.Debug|x86.ActiveCfg = Debug|Any CPU
		{C29506E0-67E8-4B48-8437-CCB68DFE15D6}.Debug|x86.Build.0 = Debug|Any CPU
		{C29506E0-67E8-4B48-8437-CCB68DFE15D6}.Release|Any CPU.ActiveCfg = Release|Any CPU
		{C29506E0-67E8-4B48-8437-CCB68DFE15D6}.Release|Any CPU.Build.0 = Release|Any CPU
		{C29506E0-67E8-4B48-8437-CCB68DFE15D6}.Release|x64.ActiveCfg = Release|Any CPU
		{C29506E0-67E8-4B48-8437-CCB68DFE15D6}.Release|x64.Build.0 = Release|Any CPU
		{C29506E0-67E8-4B48-8437-CCB68DFE15D6}.Release|x86.ActiveCfg = Release|Any CPU
		{C29506E0-67E8-4B48-8437-CCB68DFE15D6}.Release|x86.Build.0 = Release|Any CPU
		{5463BE96-CE06-4DB5-BFD1-4920105CCC77}.Debug|Any CPU.ActiveCfg = Debug|Any CPU
		{5463BE96-CE06-4DB5-BFD1-4920105CCC77}.Debug|Any CPU.Build.0 = Debug|Any CPU
		{5463BE96-CE06-4DB5-BFD1-4920105CCC77}.Debug|x64.ActiveCfg = Debug|Any CPU
		{5463BE96-CE06-4DB5-BFD1-4920105CCC77}.Debug|x64.Build.0 = Debug|Any CPU
		{5463BE96-CE06-4DB5-BFD1-4920105CCC77}.Debug|x86.ActiveCfg = Debug|Any CPU
		{5463BE96-CE06-4DB5-BFD1-4920105CCC77}.Debug|x86.Build.0 = Debug|Any CPU
		{5463BE96-CE06-4DB5-BFD1-4920105CCC77}.Release|Any CPU.ActiveCfg = Release|Any CPU
		{5463BE96-CE06-4DB5-BFD1-4920105CCC77}.Release|Any CPU.Build.0 = Release|Any CPU
		{5463BE96-CE06-4DB5-BFD1-4920105CCC77}.Release|x64.ActiveCfg = Release|Any CPU
		{5463BE96-CE06-4DB5-BFD1-4920105CCC77}.Release|x64.Build.0 = Release|Any CPU
		{5463BE96-CE06-4DB5-BFD1-4920105CCC77}.Release|x86.ActiveCfg = Release|Any CPU
		{5463BE96-CE06-4DB5-BFD1-4920105CCC77}.Release|x86.Build.0 = Release|Any CPU
		{3D92926E-EBA1-4984-8CAB-6CB568A30BF9}.Debug|Any CPU.ActiveCfg = Debug|Any CPU
		{3D92926E-EBA1-4984-8CAB-6CB568A30BF9}.Debug|Any CPU.Build.0 = Debug|Any CPU
		{3D92926E-EBA1-4984-8CAB-6CB568A30BF9}.Debug|x64.ActiveCfg = Debug|Any CPU
		{3D92926E-EBA1-4984-8CAB-6CB568A30BF9}.Debug|x64.Build.0 = Debug|Any CPU
		{3D92926E-EBA1-4984-8CAB-6CB568A30BF9}.Debug|x86.ActiveCfg = Debug|Any CPU
		{3D92926E-EBA1-4984-8CAB-6CB568A30BF9}.Debug|x86.Build.0 = Debug|Any CPU
		{3D92926E-EBA1-4984-8CAB-6CB568A30BF9}.Release|Any CPU.ActiveCfg = Release|Any CPU
		{3D92926E-EBA1-4984-8CAB-6CB568A30BF9}.Release|Any CPU.Build.0 = Release|Any CPU
		{3D92926E-EBA1-4984-8CAB-6CB568A30BF9}.Release|x64.ActiveCfg = Release|Any CPU
		{3D92926E-EBA1-4984-8CAB-6CB568A30BF9}.Release|x64.Build.0 = Release|Any CPU
		{3D92926E-EBA1-4984-8CAB-6CB568A30BF9}.Release|x86.ActiveCfg = Release|Any CPU
		{3D92926E-EBA1-4984-8CAB-6CB568A30BF9}.Release|x86.Build.0 = Release|Any CPU
		{FB168542-B915-4D92-89B0-E2F16A8483FA}.Debug|Any CPU.ActiveCfg = Debug|Any CPU
		{FB168542-B915-4D92-89B0-E2F16A8483FA}.Debug|Any CPU.Build.0 = Debug|Any CPU
		{FB168542-B915-4D92-89B0-E2F16A8483FA}.Debug|x64.ActiveCfg = Debug|Any CPU
		{FB168542-B915-4D92-89B0-E2F16A8483FA}.Debug|x64.Build.0 = Debug|Any CPU
		{FB168542-B915-4D92-89B0-E2F16A8483FA}.Debug|x86.ActiveCfg = Debug|Any CPU
		{FB168542-B915-4D92-89B0-E2F16A8483FA}.Debug|x86.Build.0 = Debug|Any CPU
		{FB168542-B915-4D92-89B0-E2F16A8483FA}.Release|Any CPU.ActiveCfg = Release|Any CPU
		{FB168542-B915-4D92-89B0-E2F16A8483FA}.Release|Any CPU.Build.0 = Release|Any CPU
		{FB168542-B915-4D92-89B0-E2F16A8483FA}.Release|x64.ActiveCfg = Release|Any CPU
		{FB168542-B915-4D92-89B0-E2F16A8483FA}.Release|x64.Build.0 = Release|Any CPU
		{FB168542-B915-4D92-89B0-E2F16A8483FA}.Release|x86.ActiveCfg = Release|Any CPU
		{FB168542-B915-4D92-89B0-E2F16A8483FA}.Release|x86.Build.0 = Release|Any CPU
	EndGlobalSection
	GlobalSection(SolutionProperties) = preSolution
		HideSolutionNode = FALSE
	EndGlobalSection
	GlobalSection(NestedProjects) = preSolution
		{F00E59FC-8EA7-4221-92E3-22FB14B7C81E} = {3AB3586F-0EE9-4C3A-8FC4-6A4081010938}
		{88AC7AEF-0290-404D-AB37-EC2D309EE424} = {C8693FC3-5A59-43AD-B8D1-D13ECE2CB82D}
		{12B38393-260C-4195-8C0D-0C10ABDB7B65} = {74826A40-AB0E-489E-9C55-8B300F292E1D}
		{3AB3586F-0EE9-4C3A-8FC4-6A4081010938} = {134C3757-E883-4FDF-B159-BAAE8775E976}
		{B16E6F32-8AC2-48AC-8B7F-C64DCEF5FBE9} = {3AB3586F-0EE9-4C3A-8FC4-6A4081010938}
		{C29506E0-67E8-4B48-8437-CCB68DFE15D6} = {3AB3586F-0EE9-4C3A-8FC4-6A4081010938}
		{C8693FC3-5A59-43AD-B8D1-D13ECE2CB82D} = {134C3757-E883-4FDF-B159-BAAE8775E976}
		{5463BE96-CE06-4DB5-BFD1-4920105CCC77} = {3AB3586F-0EE9-4C3A-8FC4-6A4081010938}
		{3D92926E-EBA1-4984-8CAB-6CB568A30BF9} = {3AB3586F-0EE9-4C3A-8FC4-6A4081010938}
		{FB168542-B915-4D92-89B0-E2F16A8483FA} = {3AB3586F-0EE9-4C3A-8FC4-6A4081010938}
	EndGlobalSection
EndGlobal
